
Microsoft Visual Studio Solution File, Format Version 12.00
# Visual Studio Version 17
VisualStudioVersion = 17.5.33530.505
MinimumVisualStudioVersion = 10.0.40219.1
Project("{9A19103F-16F7-4668-BE54-9A1E7A4F7556}") = "Entities", "Entities\Entities.csproj", "{7EFA8699-4045-419F-9A85-A8A2D592D8A4}"
EndProject
Project("{9A19103F-16F7-4668-BE54-9A1E7A4F7556}") = "DataAccess", "DataAccess\DataAccess.csproj", "{60C73A06-6F35-4EC1-BCB8-1CCEA1B0682C}"
EndProject
Project("{9A19103F-16F7-4668-BE54-9A1E7A4F7556}") = "Business", "Business\Business.csproj", "{D1E17BB7-028F-49F6-B08A-50C6779077A5}"
EndProject
Project("{9A19103F-16F7-4668-BE54-9A1E7A4F7556}") = "Core", "Core\Core.csproj", "{01C5DFBB-2E5E-49E0-B26B-4669692EC7CE}"
EndProject
Project("{9A19103F-16F7-4668-BE54-9A1E7A4F7556}") = "WebAPI", "WebAPI\WebAPI.csproj", "{D355E686-2075-4182-A733-EF075B768405}"
EndProject
Global
	GlobalSection(SolutionConfigurationPlatforms) = preSolution
		Debug|Any CPU = Debug|Any CPU
		Release|Any CPU = Release|Any CPU
	EndGlobalSection
	GlobalSection(ProjectConfigurationPlatforms) = postSolution
		{7EFA8699-4045-419F-9A85-A8A2D592D8A4}.Debug|Any CPU.ActiveCfg = Debug|Any CPU
		{7EFA8699-4045-419F-9A85-A8A2D592D8A4}.Debug|Any CPU.Build.0 = Debug|Any CPU
		{7EFA8699-4045-419F-9A85-A8A2D592D8A4}.Release|Any CPU.ActiveCfg = Release|Any CPU
		{7EFA8699-4045-419F-9A85-A8A2D592D8A4}.Release|Any CPU.Build.0 = Release|Any CPU
		{60C73A06-6F35-4EC1-BCB8-1CCEA1B0682C}.Debug|Any CPU.ActiveCfg = Debug|Any CPU
		{60C73A06-6F35-4EC1-BCB8-1CCEA1B0682C}.Debug|Any CPU.Build.0 = Debug|Any CPU
		{60C73A06-6F35-4EC1-BCB8-1CCEA1B0682C}.Release|Any CPU.ActiveCfg = Release|Any CPU
		{60C73A06-6F35-4EC1-BCB8-1CCEA1B0682C}.Release|Any CPU.Build.0 = Release|Any CPU
		{D1E17BB7-028F-49F6-B08A-50C6779077A5}.Debug|Any CPU.ActiveCfg = Debug|Any CPU
		{D1E17BB7-028F-49F6-B08A-50C6779077A5}.Debug|Any CPU.Build.0 = Debug|Any CPU
		{D1E17BB7-028F-49F6-B08A-50C6779077A5}.Release|Any CPU.ActiveCfg = Release|Any CPU
		{D1E17BB7-028F-49F6-B08A-50C6779077A5}.Release|Any CPU.Build.0 = Release|Any CPU
		{01C5DFBB-2E5E-49E0-B26B-4669692EC7CE}.Debug|Any CPU.ActiveCfg = Debug|Any CPU
		{01C5DFBB-2E5E-49E0-B26B-4669692EC7CE}.Debug|Any CPU.Build.0 = Debug|Any CPU
		{01C5DFBB-2E5E-49E0-B26B-4669692EC7CE}.Release|Any CPU.ActiveCfg = Release|Any CPU
		{01C5DFBB-2E5E-49E0-B26B-4669692EC7CE}.Release|Any CPU.Build.0 = Release|Any CPU
		{D355E686-2075-4182-A733-EF075B768405}.Debug|Any CPU.ActiveCfg = Debug|Any CPU
		{D355E686-2075-4182-A733-EF075B768405}.Debug|Any CPU.Build.0 = Debug|Any CPU
		{D355E686-2075-4182-A733-EF075B768405}.Release|Any CPU.ActiveCfg = Release|Any CPU
		{D355E686-2075-4182-A733-EF075B768405}.Release|Any CPU.Build.0 = Release|Any CPU
	EndGlobalSection
	GlobalSection(SolutionProperties) = preSolution
		HideSolutionNode = FALSE
	EndGlobalSection
	GlobalSection(ExtensibilityGlobals) = postSolution
		SolutionGuid = {58B16577-568C-4966-A063-8CAAC8A5703E}
	EndGlobalSection
EndGlobal
